
Microsoft Visual Studio Solution File, Format Version 12.00
# Visual Studio 15
VisualStudioVersion = 15.0.27428.1
MinimumVisualStudioVersion = 10.0.40219.1
Project("{FAE04EC0-301F-11D3-BF4B-00C04F79EFBC}") = "WOWLogAuctionatorParser", "WOWLogAuctionatorParser\WOWLogAuctionatorParser.csproj", "{C0DA726B-5709-41F7-A61A-29D433224804}"
EndProject
Global
	GlobalSection(SolutionConfigurationPlatforms) = preSolution
		Debug|Any CPU = Debug|Any CPU
		Release|Any CPU = Release|Any CPU
	EndGlobalSection
	GlobalSection(ProjectConfigurationPlatforms) = postSolution
		{C0DA726B-5709-41F7-A61A-29D433224804}.Debug|Any CPU.ActiveCfg = Debug|Any CPU
		{C0DA726B-5709-41F7-A61A-29D433224804}.Debug|Any CPU.Build.0 = Debug|Any CPU
		{C0DA726B-5709-41F7-A61A-29D433224804}.Release|Any CPU.ActiveCfg = Release|Any CPU
		{C0DA726B-5709-41F7-A61A-29D433224804}.Release|Any CPU.Build.0 = Release|Any CPU
	EndGlobalSection
	GlobalSection(SolutionProperties) = preSolution
		HideSolutionNode = FALSE
	EndGlobalSection
	GlobalSection(ExtensibilityGlobals) = postSolution
		SolutionGuid = {A1247484-5666-45EC-AB5D-F7F3D9B94127}
	EndGlobalSection
EndGlobal
